// !$*UTF8*$!
{
	archiveVersion = 1;
	classes = {
	};
	objectVersion = 46;
	objects = {

/* Begin PBXBuildFile section */
		072238C71823D7E100824A9D /* UIButton+JButton.m in Sources */ = {isa = PBXBuildFile; fileRef = 072238B71823D7E100824A9D /* UIButton+JButton.m */; };
		072238C81823D7E100824A9D /* UIScrollView+JCenterScroll.m in Sources */ = {isa = PBXBuildFile; fileRef = 072238B91823D7E100824A9D /* UIScrollView+JCenterScroll.m */; };
		072238CB1823D7E100824A9D /* JBarView.m in Sources */ = {isa = PBXBuildFile; fileRef = 072238C21823D7E100824A9D /* JBarView.m */; };
		072238CC1823D7E100824A9D /* JButtonMatrix.m in Sources */ = {isa = PBXBuildFile; fileRef = 072238C41823D7E100824A9D /* JButtonMatrix.m */; };
		072238CD1823D7E100824A9D /* JTabBarView.m in Sources */ = {isa = PBXBuildFile; fileRef = 072238C61823D7E100824A9D /* JTabBarView.m */; };
		0777010D183AC43A00203BE9 /* JTabBarController.m in Sources */ = {isa = PBXBuildFile; fileRef = 0777010C183AC43A00203BE9 /* JTabBarController.m */; };
		07B43DEA185DEB2700F8926C /* ButtonTemplate.xib in Resources */ = {isa = PBXBuildFile; fileRef = 07B43DE9185DEB2700F8926C /* ButtonTemplate.xib */; };
		07B43DF4185DEB3700F8926C /* blackHorizontalBar.png in Resources */ = {isa = PBXBuildFile; fileRef = 07B43DEC185DEB3700F8926C /* blackHorizontalBar.png */; };
		07B43DF5185DEB3700F8926C /* blackHorizontalBar@2x.png in Resources */ = {isa = PBXBuildFile; fileRef = 07B43DED185DEB3700F8926C /* blackHorizontalBar@2x.png */; };
		07B43DF6185DEB3700F8926C /* blueHorizontalBar.png in Resources */ = {isa = PBXBuildFile; fileRef = 07B43DEE185DEB3700F8926C /* blueHorizontalBar.png */; };
		07B43DF7185DEB3700F8926C /* blueHorizontalBar@2x.png in Resources */ = {isa = PBXBuildFile; fileRef = 07B43DEF185DEB3700F8926C /* blueHorizontalBar@2x.png */; };
		07B43DF8185DEB3700F8926C /* blueHorizontalSeparator.png in Resources */ = {isa = PBXBuildFile; fileRef = 07B43DF0185DEB3700F8926C /* blueHorizontalSeparator.png */; };
		07B43DF9185DEB3700F8926C /* blueHorizontalSeparator@2x.png in Resources */ = {isa = PBXBuildFile; fileRef = 07B43DF1185DEB3700F8926C /* blueHorizontalSeparator@2x.png */; };
		07B43DFA185DEB3700F8926C /* blueVerticalSeparator.png in Resources */ = {isa = PBXBuildFile; fileRef = 07B43DF2185DEB3700F8926C /* blueVerticalSeparator.png */; };
		07B43DFB185DEB3700F8926C /* blueVerticalSeparator@2x.png in Resources */ = {isa = PBXBuildFile; fileRef = 07B43DF3185DEB3700F8926C /* blueVerticalSeparator@2x.png */; };
		07B43DFD185DEB5E00F8926C /* MainButtonTemplate.xib in Resources */ = {isa = PBXBuildFile; fileRef = 07B43DFC185DEB5E00F8926C /* MainButtonTemplate.xib */; };
		07B43DFF185DEC6300F8926C /* AltMainButtonTemplate.xib in Resources */ = {isa = PBXBuildFile; fileRef = 07B43DFE185DEC6300F8926C /* AltMainButtonTemplate.xib */; };
		07E4B3501813E1FB00B861CD /* Foundation.framework in Frameworks */ = {isa = PBXBuildFile; fileRef = 07E4B34F1813E1FB00B861CD /* Foundation.framework */; };
		07E4B3521813E1FB00B861CD /* CoreGraphics.framework in Frameworks */ = {isa = PBXBuildFile; fileRef = 07E4B3511813E1FB00B861CD /* CoreGraphics.framework */; };
		07E4B3541813E1FB00B861CD /* UIKit.framework in Frameworks */ = {isa = PBXBuildFile; fileRef = 07E4B3531813E1FB00B861CD /* UIKit.framework */; };
		07E4B35A1813E1FB00B861CD /* InfoPlist.strings in Resources */ = {isa = PBXBuildFile; fileRef = 07E4B3581813E1FB00B861CD /* InfoPlist.strings */; };
		07E4B35C1813E1FB00B861CD /* main.m in Sources */ = {isa = PBXBuildFile; fileRef = 07E4B35B1813E1FB00B861CD /* main.m */; };
		07E4B3601813E1FB00B861CD /* JJAppDelegate.m in Sources */ = {isa = PBXBuildFile; fileRef = 07E4B35F1813E1FB00B861CD /* JJAppDelegate.m */; };
		07E4B3621813E1FB00B861CD /* Images.xcassets in Resources */ = {isa = PBXBuildFile; fileRef = 07E4B3611813E1FB00B861CD /* Images.xcassets */; };
		07E4B3691813E1FB00B861CD /* XCTest.framework in Frameworks */ = {isa = PBXBuildFile; fileRef = 07E4B3681813E1FB00B861CD /* XCTest.framework */; };
		07E4B36A1813E1FB00B861CD /* Foundation.framework in Frameworks */ = {isa = PBXBuildFile; fileRef = 07E4B34F1813E1FB00B861CD /* Foundation.framework */; };
		07E4B36B1813E1FB00B861CD /* UIKit.framework in Frameworks */ = {isa = PBXBuildFile; fileRef = 07E4B3531813E1FB00B861CD /* UIKit.framework */; };
		07E4B3731813E1FB00B861CD /* InfoPlist.strings in Resources */ = {isa = PBXBuildFile; fileRef = 07E4B3711813E1FB00B861CD /* InfoPlist.strings */; };
		07E4B3751813E1FB00B861CD /* JJlibUITests.m in Sources */ = {isa = PBXBuildFile; fileRef = 07E4B3741813E1FB00B861CD /* JJlibUITests.m */; };
		61366AA318AA5E7100BF5AAA /* ExampleSettings.m in Sources */ = {isa = PBXBuildFile; fileRef = 61366AA218AA5E7100BF5AAA /* ExampleSettings.m */; };
		61838FA318AA8218003B4665 /* MoreStoryboard.storyboard in Resources */ = {isa = PBXBuildFile; fileRef = 61838FA218AA8218003B4665 /* MoreStoryboard.storyboard */; };
		61CB127318A90DB200B37440 /* under-construction.jpg in Resources */ = {isa = PBXBuildFile; fileRef = 61CB127218A90DB200B37440 /* under-construction.jpg */; };
		CF5B821C18B4ECA800E35C36 /* checkbox-checked.png in Resources */ = {isa = PBXBuildFile; fileRef = CF5B821818B4ECA800E35C36 /* checkbox-checked.png */; };
		CF5B821D18B4ECA800E35C36 /* checkbox-checked@2x.png in Resources */ = {isa = PBXBuildFile; fileRef = CF5B821918B4ECA800E35C36 /* checkbox-checked@2x.png */; };
		CF5B821E18B4ECA800E35C36 /* checkbox-unchecked.png in Resources */ = {isa = PBXBuildFile; fileRef = CF5B821A18B4ECA800E35C36 /* checkbox-unchecked.png */; };
		CF5B821F18B4ECA800E35C36 /* checkbox-unchecked@2x.png in Resources */ = {isa = PBXBuildFile; fileRef = CF5B821B18B4ECA800E35C36 /* checkbox-unchecked@2x.png */; };
		CF5B822218B4EEFB00E35C36 /* CheckBoxValue.xib in Resources */ = {isa = PBXBuildFile; fileRef = CF5B822118B4EEFB00E35C36 /* CheckBoxValue.xib */; };
		CF5B822518B4EF3100E35C36 /* CheckBoxValue.m in Sources */ = {isa = PBXBuildFile; fileRef = CF5B822418B4EF3100E35C36 /* CheckBoxValue.m */; };
		CF5B822F18B4F95E00E35C36 /* ExampleActionsVC.m in Sources */ = {isa = PBXBuildFile; fileRef = CF5B822818B4F95E00E35C36 /* ExampleActionsVC.m */; };
		CF5B823018B4F95E00E35C36 /* ExampleActionsVC.xib in Resources */ = {isa = PBXBuildFile; fileRef = CF5B822918B4F95E00E35C36 /* ExampleActionsVC.xib */; };
		CF5B823118B4F95E00E35C36 /* ExampleAnimConfigVC.m in Sources */ = {isa = PBXBuildFile; fileRef = CF5B822B18B4F95E00E35C36 /* ExampleAnimConfigVC.m */; };
		CF5B823718B4F98A00E35C36 /* ExampleTabbarConfigVC.m in Sources */ = {isa = PBXBuildFile; fileRef = CF5B823518B4F98A00E35C36 /* ExampleTabbarConfigVC.m */; };
		CF5B823818B4F98A00E35C36 /* ExampleTabbarConfigVC.xib in Resources */ = {isa = PBXBuildFile; fileRef = CF5B823618B4F98A00E35C36 /* ExampleTabbarConfigVC.xib */; };
		CF5B823A18B4FCD400E35C36 /* ExampleAnimConfigVC.xib in Resources */ = {isa = PBXBuildFile; fileRef = CF5B823918B4FCD400E35C36 /* ExampleAnimConfigVC.xib */; };
		CF5B823E18B5033800E35C36 /* ExampleTabBarVC.m in Sources */ = {isa = PBXBuildFile; fileRef = CF5B823C18B5033800E35C36 /* ExampleTabBarVC.m */; };
		CF5B823F18B5033800E35C36 /* ExampleTabBarVC.xib in Resources */ = {isa = PBXBuildFile; fileRef = CF5B823D18B5033800E35C36 /* ExampleTabBarVC.xib */; };
		CF5B824218B5034A00E35C36 /* ExampleMainTabBarVC.m in Sources */ = {isa = PBXBuildFile; fileRef = CF5B824118B5034A00E35C36 /* ExampleMainTabBarVC.m */; };
		CF894B4718B7908A00537AAC /* JTabBarSegue.m in Sources */ = {isa = PBXBuildFile; fileRef = CF894B4618B7908A00537AAC /* JTabBarSegue.m */; };
/* End PBXBuildFile section */

/* Begin PBXContainerItemProxy section */
		07E4B36C1813E1FB00B861CD /* PBXContainerItemProxy */ = {
			isa = PBXContainerItemProxy;
			containerPortal = 07E4B3441813E1FB00B861CD /* Project object */;
			proxyType = 1;
			remoteGlobalIDString = 07E4B34B1813E1FB00B861CD;
			remoteInfo = JJlibUI;
		};
/* End PBXContainerItemProxy section */

/* Begin PBXFileReference section */
		072238B61823D7E100824A9D /* UIButton+JButton.h */ = {isa = PBXFileReference; fileEncoding = 4; lastKnownFileType = sourcecode.c.h; path = "UIButton+JButton.h"; sourceTree = "<group>"; };
		072238B71823D7E100824A9D /* UIButton+JButton.m */ = {isa = PBXFileReference; fileEncoding = 4; lastKnownFileType = sourcecode.c.objc; path = "UIButton+JButton.m"; sourceTree = "<group>"; };
		072238B81823D7E100824A9D /* UIScrollView+JCenterScroll.h */ = {isa = PBXFileReference; fileEncoding = 4; lastKnownFileType = sourcecode.c.h; path = "UIScrollView+JCenterScroll.h"; sourceTree = "<group>"; };
		072238B91823D7E100824A9D /* UIScrollView+JCenterScroll.m */ = {isa = PBXFileReference; fileEncoding = 4; lastKnownFileType = sourcecode.c.objc; path = "UIScrollView+JCenterScroll.m"; sourceTree = "<group>"; };
		072238BF1823D7E100824A9D /* JUILib.h */ = {isa = PBXFileReference; fileEncoding = 4; lastKnownFileType = sourcecode.c.h; path = JUILib.h; sourceTree = "<group>"; };
		072238C11823D7E100824A9D /* JBarView.h */ = {isa = PBXFileReference; fileEncoding = 4; lastKnownFileType = sourcecode.c.h; path = JBarView.h; sourceTree = "<group>"; };
		072238C21823D7E100824A9D /* JBarView.m */ = {isa = PBXFileReference; fileEncoding = 4; lastKnownFileType = sourcecode.c.objc; path = JBarView.m; sourceTree = "<group>"; };
		072238C31823D7E100824A9D /* JButtonMatrix.h */ = {isa = PBXFileReference; fileEncoding = 4; lastKnownFileType = sourcecode.c.h; path = JButtonMatrix.h; sourceTree = "<group>"; };
		072238C41823D7E100824A9D /* JButtonMatrix.m */ = {isa = PBXFileReference; fileEncoding = 4; lastKnownFileType = sourcecode.c.objc; path = JButtonMatrix.m; sourceTree = "<group>"; };
		072238C51823D7E100824A9D /* JTabBarView.h */ = {isa = PBXFileReference; fileEncoding = 4; lastKnownFileType = sourcecode.c.h; path = JTabBarView.h; sourceTree = "<group>"; };
		072238C61823D7E100824A9D /* JTabBarView.m */ = {isa = PBXFileReference; fileEncoding = 4; lastKnownFileType = sourcecode.c.objc; path = JTabBarView.m; sourceTree = "<group>"; };
		0777010B183AC43A00203BE9 /* JTabBarController.h */ = {isa = PBXFileReference; fileEncoding = 4; lastKnownFileType = sourcecode.c.h; path = JTabBarController.h; sourceTree = "<group>"; };
		0777010C183AC43A00203BE9 /* JTabBarController.m */ = {isa = PBXFileReference; fileEncoding = 4; lastKnownFileType = sourcecode.c.objc; path = JTabBarController.m; sourceTree = "<group>"; };
		07B43DE9185DEB2700F8926C /* ButtonTemplate.xib */ = {isa = PBXFileReference; fileEncoding = 4; lastKnownFileType = file.xib; path = ButtonTemplate.xib; sourceTree = "<group>"; };
		07B43DEC185DEB3700F8926C /* blackHorizontalBar.png */ = {isa = PBXFileReference; lastKnownFileType = image.png; path = blackHorizontalBar.png; sourceTree = "<group>"; };
		07B43DED185DEB3700F8926C /* blackHorizontalBar@2x.png */ = {isa = PBXFileReference; lastKnownFileType = image.png; path = "blackHorizontalBar@2x.png"; sourceTree = "<group>"; };
		07B43DEE185DEB3700F8926C /* blueHorizontalBar.png */ = {isa = PBXFileReference; lastKnownFileType = image.png; path = blueHorizontalBar.png; sourceTree = "<group>"; };
		07B43DEF185DEB3700F8926C /* blueHorizontalBar@2x.png */ = {isa = PBXFileReference; lastKnownFileType = image.png; path = "blueHorizontalBar@2x.png"; sourceTree = "<group>"; };
		07B43DF0185DEB3700F8926C /* blueHorizontalSeparator.png */ = {isa = PBXFileReference; lastKnownFileType = image.png; path = blueHorizontalSeparator.png; sourceTree = "<group>"; };
		07B43DF1185DEB3700F8926C /* blueHorizontalSeparator@2x.png */ = {isa = PBXFileReference; lastKnownFileType = image.png; path = "blueHorizontalSeparator@2x.png"; sourceTree = "<group>"; };
		07B43DF2185DEB3700F8926C /* blueVerticalSeparator.png */ = {isa = PBXFileReference; lastKnownFileType = image.png; path = blueVerticalSeparator.png; sourceTree = "<group>"; };
		07B43DF3185DEB3700F8926C /* blueVerticalSeparator@2x.png */ = {isa = PBXFileReference; lastKnownFileType = image.png; path = "blueVerticalSeparator@2x.png"; sourceTree = "<group>"; };
		07B43DFC185DEB5E00F8926C /* MainButtonTemplate.xib */ = {isa = PBXFileReference; fileEncoding = 4; lastKnownFileType = file.xib; path = MainButtonTemplate.xib; sourceTree = "<group>"; };
		07B43DFE185DEC6300F8926C /* AltMainButtonTemplate.xib */ = {isa = PBXFileReference; fileEncoding = 4; lastKnownFileType = file.xib; path = AltMainButtonTemplate.xib; sourceTree = "<group>"; };
		07E4B34C1813E1FB00B861CD /* JJlibUI.app */ = {isa = PBXFileReference; explicitFileType = wrapper.application; includeInIndex = 0; path = JJlibUI.app; sourceTree = BUILT_PRODUCTS_DIR; };
		07E4B34F1813E1FB00B861CD /* Foundation.framework */ = {isa = PBXFileReference; lastKnownFileType = wrapper.framework; name = Foundation.framework; path = System/Library/Frameworks/Foundation.framework; sourceTree = SDKROOT; };
		07E4B3511813E1FB00B861CD /* CoreGraphics.framework */ = {isa = PBXFileReference; lastKnownFileType = wrapper.framework; name = CoreGraphics.framework; path = System/Library/Frameworks/CoreGraphics.framework; sourceTree = SDKROOT; };
		07E4B3531813E1FB00B861CD /* UIKit.framework */ = {isa = PBXFileReference; lastKnownFileType = wrapper.framework; name = UIKit.framework; path = System/Library/Frameworks/UIKit.framework; sourceTree = SDKROOT; };
		07E4B3571813E1FB00B861CD /* JJlibUI-Info.plist */ = {isa = PBXFileReference; lastKnownFileType = text.plist.xml; path = "JJlibUI-Info.plist"; sourceTree = "<group>"; };
		07E4B3591813E1FB00B861CD /* en */ = {isa = PBXFileReference; lastKnownFileType = text.plist.strings; name = en; path = en.lproj/InfoPlist.strings; sourceTree = "<group>"; };
		07E4B35B1813E1FB00B861CD /* main.m */ = {isa = PBXFileReference; lastKnownFileType = sourcecode.c.objc; path = main.m; sourceTree = "<group>"; };
		07E4B35D1813E1FB00B861CD /* JJlibUI-Prefix.pch */ = {isa = PBXFileReference; lastKnownFileType = sourcecode.c.h; path = "JJlibUI-Prefix.pch"; sourceTree = "<group>"; };
		07E4B35E1813E1FB00B861CD /* JJAppDelegate.h */ = {isa = PBXFileReference; lastKnownFileType = sourcecode.c.h; path = JJAppDelegate.h; sourceTree = "<group>"; };
		07E4B35F1813E1FB00B861CD /* JJAppDelegate.m */ = {isa = PBXFileReference; lastKnownFileType = sourcecode.c.objc; path = JJAppDelegate.m; sourceTree = "<group>"; };
		07E4B3611813E1FB00B861CD /* Images.xcassets */ = {isa = PBXFileReference; lastKnownFileType = folder.assetcatalog; path = Images.xcassets; sourceTree = "<group>"; };
		07E4B3671813E1FB00B861CD /* JJlibUITests.xctest */ = {isa = PBXFileReference; explicitFileType = wrapper.cfbundle; includeInIndex = 0; path = JJlibUITests.xctest; sourceTree = BUILT_PRODUCTS_DIR; };
		07E4B3681813E1FB00B861CD /* XCTest.framework */ = {isa = PBXFileReference; lastKnownFileType = wrapper.framework; name = XCTest.framework; path = Library/Frameworks/XCTest.framework; sourceTree = DEVELOPER_DIR; };
		07E4B3701813E1FB00B861CD /* JJlibUITests-Info.plist */ = {isa = PBXFileReference; lastKnownFileType = text.plist.xml; path = "JJlibUITests-Info.plist"; sourceTree = "<group>"; };
		07E4B3721813E1FB00B861CD /* en */ = {isa = PBXFileReference; lastKnownFileType = text.plist.strings; name = en; path = en.lproj/InfoPlist.strings; sourceTree = "<group>"; };
		07E4B3741813E1FB00B861CD /* JJlibUITests.m */ = {isa = PBXFileReference; lastKnownFileType = sourcecode.c.objc; path = JJlibUITests.m; sourceTree = "<group>"; };
		61366AA118AA5E7100BF5AAA /* ExampleSettings.h */ = {isa = PBXFileReference; fileEncoding = 4; lastKnownFileType = sourcecode.c.h; path = ExampleSettings.h; sourceTree = "<group>"; };
		61366AA218AA5E7100BF5AAA /* ExampleSettings.m */ = {isa = PBXFileReference; fileEncoding = 4; lastKnownFileType = sourcecode.c.objc; path = ExampleSettings.m; sourceTree = "<group>"; };
		61838FA218AA8218003B4665 /* MoreStoryboard.storyboard */ = {isa = PBXFileReference; fileEncoding = 4; lastKnownFileType = file.storyboard; path = MoreStoryboard.storyboard; sourceTree = "<group>"; };
		61CB127218A90DB200B37440 /* under-construction.jpg */ = {isa = PBXFileReference; lastKnownFileType = image.jpeg; path = "under-construction.jpg"; sourceTree = "<group>"; };
		CF5B821818B4ECA800E35C36 /* checkbox-checked.png */ = {isa = PBXFileReference; lastKnownFileType = image.png; path = "checkbox-checked.png"; sourceTree = "<group>"; };
		CF5B821918B4ECA800E35C36 /* checkbox-checked@2x.png */ = {isa = PBXFileReference; lastKnownFileType = image.png; path = "checkbox-checked@2x.png"; sourceTree = "<group>"; };
		CF5B821A18B4ECA800E35C36 /* checkbox-unchecked.png */ = {isa = PBXFileReference; lastKnownFileType = image.png; path = "checkbox-unchecked.png"; sourceTree = "<group>"; };
		CF5B821B18B4ECA800E35C36 /* checkbox-unchecked@2x.png */ = {isa = PBXFileReference; lastKnownFileType = image.png; path = "checkbox-unchecked@2x.png"; sourceTree = "<group>"; };
		CF5B822118B4EEFB00E35C36 /* CheckBoxValue.xib */ = {isa = PBXFileReference; fileEncoding = 4; lastKnownFileType = file.xib; path = CheckBoxValue.xib; sourceTree = "<group>"; };
		CF5B822318B4EF3100E35C36 /* CheckBoxValue.h */ = {isa = PBXFileReference; fileEncoding = 4; lastKnownFileType = sourcecode.c.h; path = CheckBoxValue.h; sourceTree = "<group>"; };
		CF5B822418B4EF3100E35C36 /* CheckBoxValue.m */ = {isa = PBXFileReference; fileEncoding = 4; lastKnownFileType = sourcecode.c.objc; path = CheckBoxValue.m; sourceTree = "<group>"; };
		CF5B822718B4F95E00E35C36 /* ExampleActionsVC.h */ = {isa = PBXFileReference; fileEncoding = 4; lastKnownFileType = sourcecode.c.h; path = ExampleActionsVC.h; sourceTree = "<group>"; };
		CF5B822818B4F95E00E35C36 /* ExampleActionsVC.m */ = {isa = PBXFileReference; fileEncoding = 4; lastKnownFileType = sourcecode.c.objc; path = ExampleActionsVC.m; sourceTree = "<group>"; };
		CF5B822918B4F95E00E35C36 /* ExampleActionsVC.xib */ = {isa = PBXFileReference; fileEncoding = 4; lastKnownFileType = file.xib; path = ExampleActionsVC.xib; sourceTree = "<group>"; };
		CF5B822A18B4F95E00E35C36 /* ExampleAnimConfigVC.h */ = {isa = PBXFileReference; fileEncoding = 4; lastKnownFileType = sourcecode.c.h; path = ExampleAnimConfigVC.h; sourceTree = "<group>"; };
		CF5B822B18B4F95E00E35C36 /* ExampleAnimConfigVC.m */ = {isa = PBXFileReference; fileEncoding = 4; lastKnownFileType = sourcecode.c.objc; path = ExampleAnimConfigVC.m; sourceTree = "<group>"; };
		CF5B823418B4F98A00E35C36 /* ExampleTabbarConfigVC.h */ = {isa = PBXFileReference; fileEncoding = 4; lastKnownFileType = sourcecode.c.h; path = ExampleTabbarConfigVC.h; sourceTree = "<group>"; };
		CF5B823518B4F98A00E35C36 /* ExampleTabbarConfigVC.m */ = {isa = PBXFileReference; fileEncoding = 4; lastKnownFileType = sourcecode.c.objc; path = ExampleTabbarConfigVC.m; sourceTree = "<group>"; };
		CF5B823618B4F98A00E35C36 /* ExampleTabbarConfigVC.xib */ = {isa = PBXFileReference; fileEncoding = 4; lastKnownFileType = file.xib; path = ExampleTabbarConfigVC.xib; sourceTree = "<group>"; };
		CF5B823918B4FCD400E35C36 /* ExampleAnimConfigVC.xib */ = {isa = PBXFileReference; fileEncoding = 4; lastKnownFileType = file.xib; path = ExampleAnimConfigVC.xib; sourceTree = "<group>"; };
		CF5B823B18B5033800E35C36 /* ExampleTabBarVC.h */ = {isa = PBXFileReference; fileEncoding = 4; lastKnownFileType = sourcecode.c.h; path = ExampleTabBarVC.h; sourceTree = "<group>"; };
		CF5B823C18B5033800E35C36 /* ExampleTabBarVC.m */ = {isa = PBXFileReference; fileEncoding = 4; lastKnownFileType = sourcecode.c.objc; path = ExampleTabBarVC.m; sourceTree = "<group>"; };
		CF5B823D18B5033800E35C36 /* ExampleTabBarVC.xib */ = {isa = PBXFileReference; fileEncoding = 4; lastKnownFileType = file.xib; path = ExampleTabBarVC.xib; sourceTree = "<group>"; };
		CF5B824018B5034A00E35C36 /* ExampleMainTabBarVC.h */ = {isa = PBXFileReference; fileEncoding = 4; lastKnownFileType = sourcecode.c.h; path = ExampleMainTabBarVC.h; sourceTree = "<group>"; };
		CF5B824118B5034A00E35C36 /* ExampleMainTabBarVC.m */ = {isa = PBXFileReference; fileEncoding = 4; lastKnownFileType = sourcecode.c.objc; path = ExampleMainTabBarVC.m; sourceTree = "<group>"; };
		CF894B4518B7908A00537AAC /* JTabBarSegue.h */ = {isa = PBXFileReference; fileEncoding = 4; lastKnownFileType = sourcecode.c.h; path = JTabBarSegue.h; sourceTree = "<group>"; };
		CF894B4618B7908A00537AAC /* JTabBarSegue.m */ = {isa = PBXFileReference; fileEncoding = 4; lastKnownFileType = sourcecode.c.objc; path = JTabBarSegue.m; sourceTree = "<group>"; };
/* End PBXFileReference section */

/* Begin PBXFrameworksBuildPhase section */
		07E4B3491813E1FB00B861CD /* Frameworks */ = {
			isa = PBXFrameworksBuildPhase;
			buildActionMask = 2147483647;
			files = (
				07E4B3521813E1FB00B861CD /* CoreGraphics.framework in Frameworks */,
				07E4B3541813E1FB00B861CD /* UIKit.framework in Frameworks */,
				07E4B3501813E1FB00B861CD /* Foundation.framework in Frameworks */,
			);
			runOnlyForDeploymentPostprocessing = 0;
		};
		07E4B3641813E1FB00B861CD /* Frameworks */ = {
			isa = PBXFrameworksBuildPhase;
			buildActionMask = 2147483647;
			files = (
				07E4B3691813E1FB00B861CD /* XCTest.framework in Frameworks */,
				07E4B36B1813E1FB00B861CD /* UIKit.framework in Frameworks */,
				07E4B36A1813E1FB00B861CD /* Foundation.framework in Frameworks */,
			);
			runOnlyForDeploymentPostprocessing = 0;
		};
/* End PBXFrameworksBuildPhase section */

/* Begin PBXGroup section */
		072238B41823D7E100824A9D /* Source */ = {
			isa = PBXGroup;
			children = (
				0777010A183AC41000203BE9 /* containers */,
				072238B51823D7E100824A9D /* categories */,
				072238C01823D7E100824A9D /* views */,
				072238BF1823D7E100824A9D /* JUILib.h */,
			);
			path = Source;
			sourceTree = "<group>";
		};
		072238B51823D7E100824A9D /* categories */ = {
			isa = PBXGroup;
			children = (
				072238B61823D7E100824A9D /* UIButton+JButton.h */,
				072238B71823D7E100824A9D /* UIButton+JButton.m */,
				072238B81823D7E100824A9D /* UIScrollView+JCenterScroll.h */,
				072238B91823D7E100824A9D /* UIScrollView+JCenterScroll.m */,
			);
			path = categories;
			sourceTree = "<group>";
		};
		072238C01823D7E100824A9D /* views */ = {
			isa = PBXGroup;
			children = (
				072238C31823D7E100824A9D /* JButtonMatrix.h */,
				072238C41823D7E100824A9D /* JButtonMatrix.m */,
				072238C11823D7E100824A9D /* JBarView.h */,
				072238C21823D7E100824A9D /* JBarView.m */,
				072238C51823D7E100824A9D /* JTabBarView.h */,
				072238C61823D7E100824A9D /* JTabBarView.m */,
			);
			path = views;
			sourceTree = "<group>";
		};
		0777010A183AC41000203BE9 /* containers */ = {
			isa = PBXGroup;
			children = (
				0777010B183AC43A00203BE9 /* JTabBarController.h */,
				0777010C183AC43A00203BE9 /* JTabBarController.m */,
				CF894B4518B7908A00537AAC /* JTabBarSegue.h */,
				CF894B4618B7908A00537AAC /* JTabBarSegue.m */,
			);
			path = containers;
			sourceTree = "<group>";
		};
		07B43DE8185DEB2700F8926C /* Xibs */ = {
			isa = PBXGroup;
			children = (
				07B43DE9185DEB2700F8926C /* ButtonTemplate.xib */,
				07B43DFC185DEB5E00F8926C /* MainButtonTemplate.xib */,
				07B43DFE185DEC6300F8926C /* AltMainButtonTemplate.xib */,
			);
			path = Xibs;
			sourceTree = "<group>";
		};
		07B43DEB185DEB3700F8926C /* Images */ = {
			isa = PBXGroup;
			children = (
				CF5B821818B4ECA800E35C36 /* checkbox-checked.png */,
				CF5B821918B4ECA800E35C36 /* checkbox-checked@2x.png */,
				CF5B821A18B4ECA800E35C36 /* checkbox-unchecked.png */,
				CF5B821B18B4ECA800E35C36 /* checkbox-unchecked@2x.png */,
				61CB127218A90DB200B37440 /* under-construction.jpg */,
				07B43DEC185DEB3700F8926C /* blackHorizontalBar.png */,
				07B43DED185DEB3700F8926C /* blackHorizontalBar@2x.png */,
				07B43DEE185DEB3700F8926C /* blueHorizontalBar.png */,
				07B43DEF185DEB3700F8926C /* blueHorizontalBar@2x.png */,
				07B43DF0185DEB3700F8926C /* blueHorizontalSeparator.png */,
				07B43DF1185DEB3700F8926C /* blueHorizontalSeparator@2x.png */,
				07B43DF2185DEB3700F8926C /* blueVerticalSeparator.png */,
				07B43DF3185DEB3700F8926C /* blueVerticalSeparator@2x.png */,
			);
			path = Images;
			sourceTree = "<group>";
		};
		07B777421813F33D004B76A1 /* Examples */ = {
			isa = PBXGroup;
			children = (
				CF5B822618B4F95E00E35C36 /* SubTabsVC */,
				CF5B822018B4EE3900E35C36 /* Components */,
				07B43DEB185DEB3700F8926C /* Images */,
				07B43DE8185DEB2700F8926C /* Xibs */,
				61366AA118AA5E7100BF5AAA /* ExampleSettings.h */,
				61366AA218AA5E7100BF5AAA /* ExampleSettings.m */,
				61838FA218AA8218003B4665 /* MoreStoryboard.storyboard */,
				CF5B824018B5034A00E35C36 /* ExampleMainTabBarVC.h */,
				CF5B824118B5034A00E35C36 /* ExampleMainTabBarVC.m */,
			);
			path = Examples;
			sourceTree = "<group>";
		};
		07E4B3431813E1FB00B861CD = {
			isa = PBXGroup;
			children = (
				07E4B3551813E1FB00B861CD /* JJlibUI */,
				07E4B36E1813E1FB00B861CD /* JJlibUITests */,
				07E4B34E1813E1FB00B861CD /* Frameworks */,
				07E4B34D1813E1FB00B861CD /* Products */,
			);
			sourceTree = "<group>";
		};
		07E4B34D1813E1FB00B861CD /* Products */ = {
			isa = PBXGroup;
			children = (
				07E4B34C1813E1FB00B861CD /* JJlibUI.app */,
				07E4B3671813E1FB00B861CD /* JJlibUITests.xctest */,
			);
			name = Products;
			sourceTree = "<group>";
		};
		07E4B34E1813E1FB00B861CD /* Frameworks */ = {
			isa = PBXGroup;
			children = (
				07E4B34F1813E1FB00B861CD /* Foundation.framework */,
				07E4B3511813E1FB00B861CD /* CoreGraphics.framework */,
				07E4B3531813E1FB00B861CD /* UIKit.framework */,
				07E4B3681813E1FB00B861CD /* XCTest.framework */,
			);
			name = Frameworks;
			sourceTree = "<group>";
		};
		07E4B3551813E1FB00B861CD /* JJlibUI */ = {
			isa = PBXGroup;
			children = (
				072238B41823D7E100824A9D /* Source */,
				07B777421813F33D004B76A1 /* Examples */,
				07E4B35E1813E1FB00B861CD /* JJAppDelegate.h */,
				07E4B35F1813E1FB00B861CD /* JJAppDelegate.m */,
				07E4B3611813E1FB00B861CD /* Images.xcassets */,
				07E4B3561813E1FB00B861CD /* Supporting Files */,
			);
			path = JJlibUI;
			sourceTree = "<group>";
		};
		07E4B3561813E1FB00B861CD /* Supporting Files */ = {
			isa = PBXGroup;
			children = (
				07E4B3571813E1FB00B861CD /* JJlibUI-Info.plist */,
				07E4B3581813E1FB00B861CD /* InfoPlist.strings */,
				07E4B35B1813E1FB00B861CD /* main.m */,
				07E4B35D1813E1FB00B861CD /* JJlibUI-Prefix.pch */,
			);
			name = "Supporting Files";
			sourceTree = "<group>";
		};
		07E4B36E1813E1FB00B861CD /* JJlibUITests */ = {
			isa = PBXGroup;
			children = (
				07E4B3741813E1FB00B861CD /* JJlibUITests.m */,
				07E4B36F1813E1FB00B861CD /* Supporting Files */,
			);
			path = JJlibUITests;
			sourceTree = "<group>";
		};
		07E4B36F1813E1FB00B861CD /* Supporting Files */ = {
			isa = PBXGroup;
			children = (
				07E4B3701813E1FB00B861CD /* JJlibUITests-Info.plist */,
				07E4B3711813E1FB00B861CD /* InfoPlist.strings */,
			);
			name = "Supporting Files";
			sourceTree = "<group>";
		};
		CF5B822018B4EE3900E35C36 /* Components */ = {
			isa = PBXGroup;
			children = (
				CF5B822318B4EF3100E35C36 /* CheckBoxValue.h */,
				CF5B822418B4EF3100E35C36 /* CheckBoxValue.m */,
				CF5B822118B4EEFB00E35C36 /* CheckBoxValue.xib */,
			);
			path = Components;
			sourceTree = "<group>";
		};
		CF5B822618B4F95E00E35C36 /* SubTabsVC */ = {
			isa = PBXGroup;
			children = (
				CF5B823B18B5033800E35C36 /* ExampleTabBarVC.h */,
				CF5B823C18B5033800E35C36 /* ExampleTabBarVC.m */,
				CF5B823D18B5033800E35C36 /* ExampleTabBarVC.xib */,
				CF5B823418B4F98A00E35C36 /* ExampleTabbarConfigVC.h */,
				CF5B823518B4F98A00E35C36 /* ExampleTabbarConfigVC.m */,
				CF5B823618B4F98A00E35C36 /* ExampleTabbarConfigVC.xib */,
				CF5B822718B4F95E00E35C36 /* ExampleActionsVC.h */,
				CF5B822818B4F95E00E35C36 /* ExampleActionsVC.m */,
				CF5B822918B4F95E00E35C36 /* ExampleActionsVC.xib */,
				CF5B822A18B4F95E00E35C36 /* ExampleAnimConfigVC.h */,
				CF5B822B18B4F95E00E35C36 /* ExampleAnimConfigVC.m */,
				CF5B823918B4FCD400E35C36 /* ExampleAnimConfigVC.xib */,
			);
			path = SubTabsVC;
			sourceTree = "<group>";
		};
/* End PBXGroup section */

/* Begin PBXNativeTarget section */
		07E4B34B1813E1FB00B861CD /* JJlibUI */ = {
			isa = PBXNativeTarget;
			buildConfigurationList = 07E4B3781813E1FB00B861CD /* Build configuration list for PBXNativeTarget "JJlibUI" */;
			buildPhases = (
				07E4B3481813E1FB00B861CD /* Sources */,
				07E4B3491813E1FB00B861CD /* Frameworks */,
				07E4B34A1813E1FB00B861CD /* Resources */,
			);
			buildRules = (
			);
			dependencies = (
			);
			name = JJlibUI;
			productName = JJlibUI;
			productReference = 07E4B34C1813E1FB00B861CD /* JJlibUI.app */;
			productType = "com.apple.product-type.application";
		};
		07E4B3661813E1FB00B861CD /* JJlibUITests */ = {
			isa = PBXNativeTarget;
			buildConfigurationList = 07E4B37B1813E1FB00B861CD /* Build configuration list for PBXNativeTarget "JJlibUITests" */;
			buildPhases = (
				07E4B3631813E1FB00B861CD /* Sources */,
				07E4B3641813E1FB00B861CD /* Frameworks */,
				07E4B3651813E1FB00B861CD /* Resources */,
			);
			buildRules = (
			);
			dependencies = (
				07E4B36D1813E1FB00B861CD /* PBXTargetDependency */,
			);
			name = JJlibUITests;
			productName = JJlibUITests;
			productReference = 07E4B3671813E1FB00B861CD /* JJlibUITests.xctest */;
			productType = "com.apple.product-type.bundle.unit-test";
		};
/* End PBXNativeTarget section */

/* Begin PBXProject section */
		07E4B3441813E1FB00B861CD /* Project object */ = {
			isa = PBXProject;
			attributes = {
				CLASSPREFIX = JJ;
				LastUpgradeCheck = 0500;
				ORGANIZATIONNAME = "Joao Jesus";
				TargetAttributes = {
					07E4B34B1813E1FB00B861CD = {
						DevelopmentTeam = 3RXE783ECT;
					};
					07E4B3661813E1FB00B861CD = {
						TestTargetID = 07E4B34B1813E1FB00B861CD;
					};
				};
			};
			buildConfigurationList = 07E4B3471813E1FB00B861CD /* Build configuration list for PBXProject "JJlibUI" */;
			compatibilityVersion = "Xcode 3.2";
			developmentRegion = English;
			hasScannedForEncodings = 0;
			knownRegions = (
				en,
			);
			mainGroup = 07E4B3431813E1FB00B861CD;
			productRefGroup = 07E4B34D1813E1FB00B861CD /* Products */;
			projectDirPath = "";
			projectRoot = "";
			targets = (
				07E4B34B1813E1FB00B861CD /* JJlibUI */,
				07E4B3661813E1FB00B861CD /* JJlibUITests */,
			);
		};
/* End PBXProject section */

/* Begin PBXResourcesBuildPhase section */
		07E4B34A1813E1FB00B861CD /* Resources */ = {
			isa = PBXResourcesBuildPhase;
			buildActionMask = 2147483647;
			files = (
				07B43DFD185DEB5E00F8926C /* MainButtonTemplate.xib in Resources */,
				07B43DF8185DEB3700F8926C /* blueHorizontalSeparator.png in Resources */,
				07B43DFA185DEB3700F8926C /* blueVerticalSeparator.png in Resources */,
				07B43DF4185DEB3700F8926C /* blackHorizontalBar.png in Resources */,
				07B43DFB185DEB3700F8926C /* blueVerticalSeparator@2x.png in Resources */,
				CF5B823F18B5033800E35C36 /* ExampleTabBarVC.xib in Resources */,
				07B43DF5185DEB3700F8926C /* blackHorizontalBar@2x.png in Resources */,
				CF5B823818B4F98A00E35C36 /* ExampleTabbarConfigVC.xib in Resources */,
				CF5B821D18B4ECA800E35C36 /* checkbox-checked@2x.png in Resources */,
				CF5B823018B4F95E00E35C36 /* ExampleActionsVC.xib in Resources */,
				07B43DEA185DEB2700F8926C /* ButtonTemplate.xib in Resources */,
				07B43DFF185DEC6300F8926C /* AltMainButtonTemplate.xib in Resources */,
				CF5B821F18B4ECA800E35C36 /* checkbox-unchecked@2x.png in Resources */,
				61CB127318A90DB200B37440 /* under-construction.jpg in Resources */,
				07B43DF9185DEB3700F8926C /* blueHorizontalSeparator@2x.png in Resources */,
				CF5B822218B4EEFB00E35C36 /* CheckBoxValue.xib in Resources */,
				07B43DF6185DEB3700F8926C /* blueHorizontalBar.png in Resources */,
				CF5B823A18B4FCD400E35C36 /* ExampleAnimConfigVC.xib in Resources */,
				07E4B35A1813E1FB00B861CD /* InfoPlist.strings in Resources */,
				CF5B821E18B4ECA800E35C36 /* checkbox-unchecked.png in Resources */,
				CF5B821C18B4ECA800E35C36 /* checkbox-checked.png in Resources */,
				07B43DF7185DEB3700F8926C /* blueHorizontalBar@2x.png in Resources */,
				61838FA318AA8218003B4665 /* MoreStoryboard.storyboard in Resources */,
				07E4B3621813E1FB00B861CD /* Images.xcassets in Resources */,
			);
			runOnlyForDeploymentPostprocessing = 0;
		};
		07E4B3651813E1FB00B861CD /* Resources */ = {
			isa = PBXResourcesBuildPhase;
			buildActionMask = 2147483647;
			files = (
				07E4B3731813E1FB00B861CD /* InfoPlist.strings in Resources */,
			);
			runOnlyForDeploymentPostprocessing = 0;
		};
/* End PBXResourcesBuildPhase section */

/* Begin PBXSourcesBuildPhase section */
		07E4B3481813E1FB00B861CD /* Sources */ = {
			isa = PBXSourcesBuildPhase;
			buildActionMask = 2147483647;
			files = (
				0777010D183AC43A00203BE9 /* JTabBarController.m in Sources */,
				CF5B823118B4F95E00E35C36 /* ExampleAnimConfigVC.m in Sources */,
				072238C71823D7E100824A9D /* UIButton+JButton.m in Sources */,
				072238CC1823D7E100824A9D /* JButtonMatrix.m in Sources */,
				CF5B823718B4F98A00E35C36 /* ExampleTabbarConfigVC.m in Sources */,
				CF5B823E18B5033800E35C36 /* ExampleTabBarVC.m in Sources */,
				CF5B822518B4EF3100E35C36 /* CheckBoxValue.m in Sources */,
				61366AA318AA5E7100BF5AAA /* ExampleSettings.m in Sources */,
				CF894B4718B7908A00537AAC /* JTabBarSegue.m in Sources */,
				07E4B3601813E1FB00B861CD /* JJAppDelegate.m in Sources */,
				CF5B824218B5034A00E35C36 /* ExampleMainTabBarVC.m in Sources */,
				CF5B822F18B4F95E00E35C36 /* ExampleActionsVC.m in Sources */,
				072238C81823D7E100824A9D /* UIScrollView+JCenterScroll.m in Sources */,
				07E4B35C1813E1FB00B861CD /* main.m in Sources */,
				072238CB1823D7E100824A9D /* JBarView.m in Sources */,
				072238CD1823D7E100824A9D /* JTabBarView.m in Sources */,
			);
			runOnlyForDeploymentPostprocessing = 0;
		};
		07E4B3631813E1FB00B861CD /* Sources */ = {
			isa = PBXSourcesBuildPhase;
			buildActionMask = 2147483647;
			files = (
				07E4B3751813E1FB00B861CD /* JJlibUITests.m in Sources */,
			);
			runOnlyForDeploymentPostprocessing = 0;
		};
/* End PBXSourcesBuildPhase section */

/* Begin PBXTargetDependency section */
		07E4B36D1813E1FB00B861CD /* PBXTargetDependency */ = {
			isa = PBXTargetDependency;
			target = 07E4B34B1813E1FB00B861CD /* JJlibUI */;
			targetProxy = 07E4B36C1813E1FB00B861CD /* PBXContainerItemProxy */;
		};
/* End PBXTargetDependency section */

/* Begin PBXVariantGroup section */
		07E4B3581813E1FB00B861CD /* InfoPlist.strings */ = {
			isa = PBXVariantGroup;
			children = (
				07E4B3591813E1FB00B861CD /* en */,
			);
			name = InfoPlist.strings;
			sourceTree = "<group>";
		};
		07E4B3711813E1FB00B861CD /* InfoPlist.strings */ = {
			isa = PBXVariantGroup;
			children = (
				07E4B3721813E1FB00B861CD /* en */,
			);
			name = InfoPlist.strings;
			sourceTree = "<group>";
		};
/* End PBXVariantGroup section */

/* Begin XCBuildConfiguration section */
		07E4B3761813E1FB00B861CD /* Debug */ = {
			isa = XCBuildConfiguration;
			buildSettings = {
				ALWAYS_SEARCH_USER_PATHS = NO;
				ARCHS = "$(ARCHS_STANDARD_INCLUDING_64_BIT)";
				CLANG_CXX_LANGUAGE_STANDARD = "gnu++0x";
				CLANG_CXX_LIBRARY = "libc++";
				CLANG_ENABLE_MODULES = YES;
				CLANG_ENABLE_OBJC_ARC = YES;
				CLANG_WARN_BOOL_CONVERSION = YES;
				CLANG_WARN_CONSTANT_CONVERSION = YES;
				CLANG_WARN_DIRECT_OBJC_ISA_USAGE = YES_ERROR;
				CLANG_WARN_EMPTY_BODY = YES;
				CLANG_WARN_ENUM_CONVERSION = YES;
				CLANG_WARN_INT_CONVERSION = YES;
				CLANG_WARN_OBJC_ROOT_CLASS = YES_ERROR;
				CLANG_WARN__DUPLICATE_METHOD_MATCH = YES;
				"CODE_SIGN_IDENTITY[sdk=iphoneos*]" = "iPhone Developer";
				COPY_PHASE_STRIP = NO;
				GCC_C_LANGUAGE_STANDARD = gnu99;
				GCC_DYNAMIC_NO_PIC = NO;
				GCC_OPTIMIZATION_LEVEL = 0;
				GCC_PREPROCESSOR_DEFINITIONS = (
					"DEBUG=1",
					"$(inherited)",
				);
				GCC_SYMBOLS_PRIVATE_EXTERN = NO;
				GCC_WARN_64_TO_32_BIT_CONVERSION = YES;
				GCC_WARN_ABOUT_RETURN_TYPE = YES_ERROR;
				GCC_WARN_UNDECLARED_SELECTOR = YES;
				GCC_WARN_UNINITIALIZED_AUTOS = YES;
				GCC_WARN_UNUSED_FUNCTION = YES;
				GCC_WARN_UNUSED_VARIABLE = YES;
				IPHONEOS_DEPLOYMENT_TARGET = 7.0;
				ONLY_ACTIVE_ARCH = YES;
				SDKROOT = iphoneos;
				TARGETED_DEVICE_FAMILY = "1,2";
			};
			name = Debug;
		};
		07E4B3771813E1FB00B861CD /* Release */ = {
			isa = XCBuildConfiguration;
			buildSettings = {
				ALWAYS_SEARCH_USER_PATHS = NO;
				ARCHS = "$(ARCHS_STANDARD_INCLUDING_64_BIT)";
				CLANG_CXX_LANGUAGE_STANDARD = "gnu++0x";
				CLANG_CXX_LIBRARY = "libc++";
				CLANG_ENABLE_MODULES = YES;
				CLANG_ENABLE_OBJC_ARC = YES;
				CLANG_WARN_BOOL_CONVERSION = YES;
				CLANG_WARN_CONSTANT_CONVERSION = YES;
				CLANG_WARN_DIRECT_OBJC_ISA_USAGE = YES_ERROR;
				CLANG_WARN_EMPTY_BODY = YES;
				CLANG_WARN_ENUM_CONVERSION = YES;
				CLANG_WARN_INT_CONVERSION = YES;
				CLANG_WARN_OBJC_ROOT_CLASS = YES_ERROR;
				CLANG_WARN__DUPLICATE_METHOD_MATCH = YES;
				"CODE_SIGN_IDENTITY[sdk=iphoneos*]" = "iPhone Developer";
				COPY_PHASE_STRIP = YES;
				ENABLE_NS_ASSERTIONS = NO;
				GCC_C_LANGUAGE_STANDARD = gnu99;
				GCC_WARN_64_TO_32_BIT_CONVERSION = YES;
				GCC_WARN_ABOUT_RETURN_TYPE = YES_ERROR;
				GCC_WARN_UNDECLARED_SELECTOR = YES;
				GCC_WARN_UNINITIALIZED_AUTOS = YES;
				GCC_WARN_UNUSED_FUNCTION = YES;
				GCC_WARN_UNUSED_VARIABLE = YES;
				IPHONEOS_DEPLOYMENT_TARGET = 7.0;
				SDKROOT = iphoneos;
				TARGETED_DEVICE_FAMILY = "1,2";
				VALIDATE_PRODUCT = YES;
			};
			name = Release;
		};
		07E4B3791813E1FB00B861CD /* Debug */ = {
			isa = XCBuildConfiguration;
			buildSettings = {
				ASSETCATALOG_COMPILER_APPICON_NAME = AppIcon;
				ASSETCATALOG_COMPILER_LAUNCHIMAGE_NAME = LaunchImage;
				CODE_SIGN_IDENTITY = "iPhone Developer";
				"CODE_SIGN_IDENTITY[sdk=iphoneos*]" = "iPhone Developer";
				GCC_PRECOMPILE_PREFIX_HEADER = YES;
				GCC_PREFIX_HEADER = "JJlibUI/JJlibUI-Prefix.pch";
				INFOPLIST_FILE = "JJlibUI/JJlibUI-Info.plist";
				PRODUCT_NAME = "$(TARGET_NAME)";
				PROVISIONING_PROFILE = "";
				WRAPPER_EXTENSION = app;
			};
			name = Debug;
		};
		07E4B37A1813E1FB00B861CD /* Release */ = {
			isa = XCBuildConfiguration;
			buildSettings = {
				ASSETCATALOG_COMPILER_APPICON_NAME = AppIcon;
				ASSETCATALOG_COMPILER_LAUNCHIMAGE_NAME = LaunchImage;
				CODE_SIGN_IDENTITY = "iPhone Developer";
				"CODE_SIGN_IDENTITY[sdk=iphoneos*]" = "iPhone Developer";
				GCC_PRECOMPILE_PREFIX_HEADER = YES;
				GCC_PREFIX_HEADER = "JJlibUI/JJlibUI-Prefix.pch";
				INFOPLIST_FILE = "JJlibUI/JJlibUI-Info.plist";
				PRODUCT_NAME = "$(TARGET_NAME)";
				PROVISIONING_PROFILE = "";
				WRAPPER_EXTENSION = app;
			};
			name = Release;
		};
		07E4B37C1813E1FB00B861CD /* Debug */ = {
			isa = XCBuildConfiguration;
			buildSettings = {
				ARCHS = "$(ARCHS_STANDARD_INCLUDING_64_BIT)";
				BUNDLE_LOADER = "$(BUILT_PRODUCTS_DIR)/JJlibUI.app/JJlibUI";
				FRAMEWORK_SEARCH_PATHS = (
					"$(SDKROOT)/Developer/Library/Frameworks",
					"$(inherited)",
					"$(DEVELOPER_FRAMEWORKS_DIR)",
				);
				GCC_PRECOMPILE_PREFIX_HEADER = YES;
				GCC_PREFIX_HEADER = "JJlibUI/JJlibUI-Prefix.pch";
				GCC_PREPROCESSOR_DEFINITIONS = (
					"DEBUG=1",
					"$(inherited)",
				);
				INFOPLIST_FILE = "JJlibUITests/JJlibUITests-Info.plist";
				PRODUCT_NAME = "$(TARGET_NAME)";
				TEST_HOST = "$(BUNDLE_LOADER)";
				WRAPPER_EXTENSION = xctest;
			};
			name = Debug;
		};
		07E4B37D1813E1FB00B861CD /* Release */ = {
			isa = XCBuildConfiguration;
			buildSettings = {
				ARCHS = "$(ARCHS_STANDARD_INCLUDING_64_BIT)";
				BUNDLE_LOADER = "$(BUILT_PRODUCTS_DIR)/JJlibUI.app/JJlibUI";
				FRAMEWORK_SEARCH_PATHS = (
					"$(SDKROOT)/Developer/Library/Frameworks",
					"$(inherited)",
					"$(DEVELOPER_FRAMEWORKS_DIR)",
				);
				GCC_PRECOMPILE_PREFIX_HEADER = YES;
				GCC_PREFIX_HEADER = "JJlibUI/JJlibUI-Prefix.pch";
				INFOPLIST_FILE = "JJlibUITests/JJlibUITests-Info.plist";
				PRODUCT_NAME = "$(TARGET_NAME)";
				TEST_HOST = "$(BUNDLE_LOADER)";
				WRAPPER_EXTENSION = xctest;
			};
			name = Release;
		};
/* End XCBuildConfiguration section */

/* Begin XCConfigurationList section */
		07E4B3471813E1FB00B861CD /* Build configuration list for PBXProject "JJlibUI" */ = {
			isa = XCConfigurationList;
			buildConfigurations = (
				07E4B3761813E1FB00B861CD /* Debug */,
				07E4B3771813E1FB00B861CD /* Release */,
			);
			defaultConfigurationIsVisible = 0;
			defaultConfigurationName = Release;
		};
		07E4B3781813E1FB00B861CD /* Build configuration list for PBXNativeTarget "JJlibUI" */ = {
			isa = XCConfigurationList;
			buildConfigurations = (
				07E4B3791813E1FB00B861CD /* Debug */,
				07E4B37A1813E1FB00B861CD /* Release */,
			);
			defaultConfigurationIsVisible = 0;
			defaultConfigurationName = Release;
		};
		07E4B37B1813E1FB00B861CD /* Build configuration list for PBXNativeTarget "JJlibUITests" */ = {
			isa = XCConfigurationList;
			buildConfigurations = (
				07E4B37C1813E1FB00B861CD /* Debug */,
				07E4B37D1813E1FB00B861CD /* Release */,
			);
			defaultConfigurationIsVisible = 0;
			defaultConfigurationName = Release;
		};
/* End XCConfigurationList section */
	};
	rootObject = 07E4B3441813E1FB00B861CD /* Project object */;
}
